
Microsoft Visual Studio Solution File, Format Version 12.00
# Visual Studio Version 17
VisualStudioVersion = 17.6.33829.357
MinimumVisualStudioVersion = 10.0.40219.1
Project("{FAE04EC0-301F-11D3-BF4B-00C04F79EFBC}") = "TelegramParser", "TelegramParser\TelegramParser.csproj", "{16089566-EC18-47FF-891A-A75D3F75D9FD}"
EndProject
Global
	GlobalSection(SolutionConfigurationPlatforms) = preSolution
		Debug|Any CPU = Debug|Any CPU
		Release|Any CPU = Release|Any CPU
	EndGlobalSection
	GlobalSection(ProjectConfigurationPlatforms) = postSolution
		{16089566-EC18-47FF-891A-A75D3F75D9FD}.Debug|Any CPU.ActiveCfg = Debug|Any CPU
		{16089566-EC18-47FF-891A-A75D3F75D9FD}.Debug|Any CPU.Build.0 = Debug|Any CPU
		{16089566-EC18-47FF-891A-A75D3F75D9FD}.Release|Any CPU.ActiveCfg = Release|Any CPU
		{16089566-EC18-47FF-891A-A75D3F75D9FD}.Release|Any CPU.Build.0 = Release|Any CPU
	EndGlobalSection
	GlobalSection(SolutionProperties) = preSolution
		HideSolutionNode = FALSE
	EndGlobalSection
	GlobalSection(ExtensibilityGlobals) = postSolution
		SolutionGuid = {9DE6FC57-4435-4C6B-B1F9-9AA72C3A7742}
	EndGlobalSection
EndGlobal
